// !$*UTF8*$!
{
	archiveVersion = 1;
	classes = {
	};
	objectVersion = 56;
	objects = {

/* Begin PBXBuildFile section */
		9421DC162A9A42C600BD4954 /* AppDelegate.swift in Sources */ = {isa = PBXBuildFile; fileRef = 9421DC152A9A42C600BD4954 /* AppDelegate.swift */; };
		9421DC182A9A42C600BD4954 /* SceneDelegate.swift in Sources */ = {isa = PBXBuildFile; fileRef = 9421DC172A9A42C600BD4954 /* SceneDelegate.swift */; };
		9421DC1D2A9A42C600BD4954 /* Main.storyboard in Resources */ = {isa = PBXBuildFile; fileRef = 9421DC1B2A9A42C600BD4954 /* Main.storyboard */; };
		9421DC202A9A42C600BD4954 /* newProject_first_real_project_.xcdatamodeld in Sources */ = {isa = PBXBuildFile; fileRef = 9421DC1E2A9A42C600BD4954 /* newProject_first_real_project_.xcdatamodeld */; };
		9421DC222A9A42C700BD4954 /* Assets.xcassets in Resources */ = {isa = PBXBuildFile; fileRef = 9421DC212A9A42C700BD4954 /* Assets.xcassets */; };
		9421DC252A9A42C700BD4954 /* LaunchScreen.storyboard in Resources */ = {isa = PBXBuildFile; fileRef = 9421DC232A9A42C700BD4954 /* LaunchScreen.storyboard */; };
		945565D32AA9294800D27191 /* UsersEntity.swift in Sources */ = {isa = PBXBuildFile; fileRef = 945565D22AA9294800D27191 /* UsersEntity.swift */; };
		9492EC1D2AABB607006E7C55 /* PostEntity.swift in Sources */ = {isa = PBXBuildFile; fileRef = 9492EC1C2AABB607006E7C55 /* PostEntity.swift */; };
		9492EC1F2AAF96BF006E7C55 /* DataManager.swift in Sources */ = {isa = PBXBuildFile; fileRef = 9492EC1E2AAF96BF006E7C55 /* DataManager.swift */; };
		9492EC212AAF9705006E7C55 /* CoreDataManager.swift in Sources */ = {isa = PBXBuildFile; fileRef = 9492EC202AAF9705006E7C55 /* CoreDataManager.swift */; };
		94A136FF2AA39E200088319E /* TableViewCellUsersXib.swift in Sources */ = {isa = PBXBuildFile; fileRef = 94A136FD2AA39E200088319E /* TableViewCellUsersXib.swift */; };
		94A137002AA39E200088319E /* TableViewCellUsersXib.xib in Resources */ = {isa = PBXBuildFile; fileRef = 94A136FE2AA39E200088319E /* TableViewCellUsersXib.xib */; };
		94A137032AA52C940088319E /* TableViewCellPostsXib.swift in Sources */ = {isa = PBXBuildFile; fileRef = 94A137012AA52C940088319E /* TableViewCellPostsXib.swift */; };
		94A137042AA52C940088319E /* TableViewCellPostsXib.xib in Resources */ = {isa = PBXBuildFile; fileRef = 94A137022AA52C940088319E /* TableViewCellPostsXib.xib */; };
		94A34EB12A9A654B00270DC9 /* UsersModel.swift in Sources */ = {isa = PBXBuildFile; fileRef = 94A34EB02A9A654B00270DC9 /* UsersModel.swift */; };
		94A34EB32A9A655A00270DC9 /* PostsModel.swift in Sources */ = {isa = PBXBuildFile; fileRef = 94A34EB22A9A655A00270DC9 /* PostsModel.swift */; };
		94A34EB52A9A65A900270DC9 /* CommentsModel.swift in Sources */ = {isa = PBXBuildFile; fileRef = 94A34EB42A9A65A900270DC9 /* CommentsModel.swift */; };
		94A34EBA2A9A9F9800270DC9 /* NetworkManager.swift in Sources */ = {isa = PBXBuildFile; fileRef = 94A34EB92A9A9F9800270DC9 /* NetworkManager.swift */; };
		94A34EBD2A9D208000270DC9 /* MainNavigator.swift in Sources */ = {isa = PBXBuildFile; fileRef = 94A34EBC2A9D208000270DC9 /* MainNavigator.swift */; };
		94A34EC92A9D3E1800270DC9 /* UsersNavigator.swift in Sources */ = {isa = PBXBuildFile; fileRef = 94A34EC82A9D3E1800270DC9 /* UsersNavigator.swift */; };
		94A34ECF2A9E301700270DC9 /* AllUsersController.swift in Sources */ = {isa = PBXBuildFile; fileRef = 94A34ECE2A9E301700270DC9 /* AllUsersController.swift */; };
		94A34ED12A9E305800270DC9 /* AllPostsOfUserController.swift in Sources */ = {isa = PBXBuildFile; fileRef = 94A34ED02A9E305800270DC9 /* AllPostsOfUserController.swift */; };
		94A34ED32A9E308800270DC9 /* AllCommentsOfPostsController.swift in Sources */ = {isa = PBXBuildFile; fileRef = 94A34ED22A9E308800270DC9 /* AllCommentsOfPostsController.swift */; };
		94A34ED52A9E666600270DC9 /* StorybordedProtocol.swift in Sources */ = {isa = PBXBuildFile; fileRef = 94A34ED42A9E666600270DC9 /* StorybordedProtocol.swift */; };
		94C8AFCE2AA767F40049167A /* CommentsCell.swift in Sources */ = {isa = PBXBuildFile; fileRef = 94C8AFCC2AA767F40049167A /* CommentsCell.swift */; };
		94C8AFCF2AA767F40049167A /* CommentsCell.xib in Resources */ = {isa = PBXBuildFile; fileRef = 94C8AFCD2AA767F40049167A /* CommentsCell.xib */; };
/* End PBXBuildFile section */

/* Begin PBXFileReference section */
		9421DC122A9A42C600BD4954 /* newProject(first real project).app */ = {isa = PBXFileReference; explicitFileType = wrapper.application; includeInIndex = 0; path = "newProject(first real project).app"; sourceTree = BUILT_PRODUCTS_DIR; };
		9421DC152A9A42C600BD4954 /* AppDelegate.swift */ = {isa = PBXFileReference; lastKnownFileType = sourcecode.swift; path = AppDelegate.swift; sourceTree = "<group>"; };
		9421DC172A9A42C600BD4954 /* SceneDelegate.swift */ = {isa = PBXFileReference; lastKnownFileType = sourcecode.swift; path = SceneDelegate.swift; sourceTree = "<group>"; };
		9421DC1F2A9A42C600BD4954 /* newProject_first_real_project_.xcdatamodel */ = {isa = PBXFileReference; lastKnownFileType = wrapper.xcdatamodel; path = newProject_first_real_project_.xcdatamodel; sourceTree = "<group>"; };
		9421DC212A9A42C700BD4954 /* Assets.xcassets */ = {isa = PBXFileReference; lastKnownFileType = folder.assetcatalog; path = Assets.xcassets; sourceTree = "<group>"; };
		9421DC262A9A42C700BD4954 /* Info.plist */ = {isa = PBXFileReference; lastKnownFileType = text.plist.xml; path = Info.plist; sourceTree = "<group>"; };
		945565B72AA7A07200D27191 /* Base */ = {isa = PBXFileReference; lastKnownFileType = file.storyboard; name = Base; path = Base.lproj/Main.storyboard; sourceTree = "<group>"; };
		945565B82AA7A07200D27191 /* Base */ = {isa = PBXFileReference; lastKnownFileType = file.storyboard; name = Base; path = Base.lproj/LaunchScreen.storyboard; sourceTree = "<group>"; };
		945565D22AA9294800D27191 /* UsersEntity.swift */ = {isa = PBXFileReference; lastKnownFileType = sourcecode.swift; path = UsersEntity.swift; sourceTree = "<group>"; };
		9492EC1C2AABB607006E7C55 /* PostEntity.swift */ = {isa = PBXFileReference; lastKnownFileType = sourcecode.swift; path = PostEntity.swift; sourceTree = "<group>"; };
		9492EC1E2AAF96BF006E7C55 /* DataManager.swift */ = {isa = PBXFileReference; lastKnownFileType = sourcecode.swift; path = DataManager.swift; sourceTree = "<group>"; };
		9492EC202AAF9705006E7C55 /* CoreDataManager.swift */ = {isa = PBXFileReference; lastKnownFileType = sourcecode.swift; path = CoreDataManager.swift; sourceTree = "<group>"; };
		94A136FD2AA39E200088319E /* TableViewCellUsersXib.swift */ = {isa = PBXFileReference; lastKnownFileType = sourcecode.swift; path = TableViewCellUsersXib.swift; sourceTree = "<group>"; };
		94A136FE2AA39E200088319E /* TableViewCellUsersXib.xib */ = {isa = PBXFileReference; lastKnownFileType = file.xib; path = TableViewCellUsersXib.xib; sourceTree = "<group>"; };
		94A137012AA52C940088319E /* TableViewCellPostsXib.swift */ = {isa = PBXFileReference; lastKnownFileType = sourcecode.swift; path = TableViewCellPostsXib.swift; sourceTree = "<group>"; };
		94A137022AA52C940088319E /* TableViewCellPostsXib.xib */ = {isa = PBXFileReference; lastKnownFileType = file.xib; path = TableViewCellPostsXib.xib; sourceTree = "<group>"; };
		94A34EB02A9A654B00270DC9 /* UsersModel.swift */ = {isa = PBXFileReference; lastKnownFileType = sourcecode.swift; path = UsersModel.swift; sourceTree = "<group>"; };
		94A34EB22A9A655A00270DC9 /* PostsModel.swift */ = {isa = PBXFileReference; lastKnownFileType = sourcecode.swift; path = PostsModel.swift; sourceTree = "<group>"; };
		94A34EB42A9A65A900270DC9 /* CommentsModel.swift */ = {isa = PBXFileReference; lastKnownFileType = sourcecode.swift; path = CommentsModel.swift; sourceTree = "<group>"; };
		94A34EB92A9A9F9800270DC9 /* NetworkManager.swift */ = {isa = PBXFileReference; lastKnownFileType = sourcecode.swift; path = NetworkManager.swift; sourceTree = "<group>"; };
		94A34EBC2A9D208000270DC9 /* MainNavigator.swift */ = {isa = PBXFileReference; lastKnownFileType = sourcecode.swift; path = MainNavigator.swift; sourceTree = "<group>"; };
		94A34EC82A9D3E1800270DC9 /* UsersNavigator.swift */ = {isa = PBXFileReference; lastKnownFileType = sourcecode.swift; path = UsersNavigator.swift; sourceTree = "<group>"; };
		94A34ECE2A9E301700270DC9 /* AllUsersController.swift */ = {isa = PBXFileReference; lastKnownFileType = sourcecode.swift; path = AllUsersController.swift; sourceTree = "<group>"; };
		94A34ED02A9E305800270DC9 /* AllPostsOfUserController.swift */ = {isa = PBXFileReference; lastKnownFileType = sourcecode.swift; path = AllPostsOfUserController.swift; sourceTree = "<group>"; };
		94A34ED22A9E308800270DC9 /* AllCommentsOfPostsController.swift */ = {isa = PBXFileReference; lastKnownFileType = sourcecode.swift; path = AllCommentsOfPostsController.swift; sourceTree = "<group>"; };
		94A34ED42A9E666600270DC9 /* StorybordedProtocol.swift */ = {isa = PBXFileReference; lastKnownFileType = sourcecode.swift; path = StorybordedProtocol.swift; sourceTree = "<group>"; };
		94C8AFCC2AA767F40049167A /* CommentsCell.swift */ = {isa = PBXFileReference; lastKnownFileType = sourcecode.swift; path = CommentsCell.swift; sourceTree = "<group>"; };
		94C8AFCD2AA767F40049167A /* CommentsCell.xib */ = {isa = PBXFileReference; lastKnownFileType = file.xib; path = CommentsCell.xib; sourceTree = "<group>"; };
/* End PBXFileReference section */

/* Begin PBXFrameworksBuildPhase section */
		9421DC0F2A9A42C600BD4954 /* Frameworks */ = {
			isa = PBXFrameworksBuildPhase;
			buildActionMask = 2147483647;
			files = (
			);
			runOnlyForDeploymentPostprocessing = 0;
		};
/* End PBXFrameworksBuildPhase section */

/* Begin PBXGroup section */
		94092FA82AA124EA00F58421 /* View */ = {
			isa = PBXGroup;
			children = (
				94A136FD2AA39E200088319E /* TableViewCellUsersXib.swift */,
				94A136FE2AA39E200088319E /* TableViewCellUsersXib.xib */,
				94A137012AA52C940088319E /* TableViewCellPostsXib.swift */,
				94A137022AA52C940088319E /* TableViewCellPostsXib.xib */,
				94C8AFCC2AA767F40049167A /* CommentsCell.swift */,
				94C8AFCD2AA767F40049167A /* CommentsCell.xib */,
			);
			path = View;
			sourceTree = "<group>";
		};
		9421DC092A9A42C600BD4954 = {
			isa = PBXGroup;
			children = (
				9421DC142A9A42C600BD4954 /* newProject(first real project) */,
				9421DC132A9A42C600BD4954 /* Products */,
			);
			sourceTree = "<group>";
		};
		9421DC132A9A42C600BD4954 /* Products */ = {
			isa = PBXGroup;
			children = (
				9421DC122A9A42C600BD4954 /* newProject(first real project).app */,
			);
			name = Products;
			sourceTree = "<group>";
		};
		9421DC142A9A42C600BD4954 /* newProject(first real project) */ = {
			isa = PBXGroup;
			children = (
				9421DC152A9A42C600BD4954 /* AppDelegate.swift */,
				9421DC172A9A42C600BD4954 /* SceneDelegate.swift */,
				94A34ED42A9E666600270DC9 /* StorybordedProtocol.swift */,
				9421DC262A9A42C700BD4954 /* Info.plist */,
				9492EC222AAF97ED006E7C55 /* Core */,
				94A34EBE2A9D209200270DC9 /* Controllers */,
				9492EC242AB0C7D1006E7C55 /* DataBaseModels */,
				94A34EB62A9A65B400270DC9 /* Model */,
				94092FA82AA124EA00F58421 /* View */,
				9492EC232AAF9913006E7C55 /* Resurses */,
			);
			path = "newProject(first real project)";
			sourceTree = "<group>";
		};
		9492EC222AAF97ED006E7C55 /* Core */ = {
			isa = PBXGroup;
			children = (
				94A34EB92A9A9F9800270DC9 /* NetworkManager.swift */,
				9492EC1E2AAF96BF006E7C55 /* DataManager.swift */,
				9492EC202AAF9705006E7C55 /* CoreDataManager.swift */,
			);
			path = Core;
			sourceTree = "<group>";
		};
		9492EC232AAF9913006E7C55 /* Resurses */ = {
			isa = PBXGroup;
			children = (
				9421DC212A9A42C700BD4954 /* Assets.xcassets */,
				9421DC1B2A9A42C600BD4954 /* Main.storyboard */,
				9421DC232A9A42C700BD4954 /* LaunchScreen.storyboard */,
				9421DC1E2A9A42C600BD4954 /* newProject_first_real_project_.xcdatamodeld */,
			);
			path = Resurses;
			sourceTree = "<group>";
		};
		9492EC242AB0C7D1006E7C55 /* DataBaseModels */ = {
			isa = PBXGroup;
			children = (
				9492EC1C2AABB607006E7C55 /* PostEntity.swift */,
				945565D22AA9294800D27191 /* UsersEntity.swift */,
			);
			path = DataBaseModels;
			sourceTree = "<group>";
		};
		94A34EB62A9A65B400270DC9 /* Model */ = {
			isa = PBXGroup;
			children = (
				94A34EB02A9A654B00270DC9 /* UsersModel.swift */,
				94A34EB22A9A655A00270DC9 /* PostsModel.swift */,
				94A34EB42A9A65A900270DC9 /* CommentsModel.swift */,
			);
			path = Model;
			sourceTree = "<group>";
		};
		94A34EBE2A9D209200270DC9 /* Controllers */ = {
			isa = PBXGroup;
			children = (
				94A34EBC2A9D208000270DC9 /* MainNavigator.swift */,
				94A34EC82A9D3E1800270DC9 /* UsersNavigator.swift */,
				94A34ECE2A9E301700270DC9 /* AllUsersController.swift */,
				94A34ED02A9E305800270DC9 /* AllPostsOfUserController.swift */,
				94A34ED22A9E308800270DC9 /* AllCommentsOfPostsController.swift */,
			);
			path = Controllers;
			sourceTree = "<group>";
		};
/* End PBXGroup section */

/* Begin PBXNativeTarget section */
		9421DC112A9A42C600BD4954 /* newProject(first real project) */ = {
			isa = PBXNativeTarget;
			buildConfigurationList = 9421DC292A9A42C700BD4954 /* Build configuration list for PBXNativeTarget "newProject(first real project)" */;
			buildPhases = (
				9421DC0E2A9A42C600BD4954 /* Sources */,
				9421DC0F2A9A42C600BD4954 /* Frameworks */,
				9421DC102A9A42C600BD4954 /* Resources */,
			);
			buildRules = (
			);
			dependencies = (
			);
			name = "newProject(first real project)";
			productName = "newProject(first real project)";
			productReference = 9421DC122A9A42C600BD4954 /* newProject(first real project).app */;
			productType = "com.apple.product-type.application";
		};
/* End PBXNativeTarget section */

/* Begin PBXProject section */
		9421DC0A2A9A42C600BD4954 /* Project object */ = {
			isa = PBXProject;
			attributes = {
				BuildIndependentTargetsInParallel = 1;
				LastSwiftUpdateCheck = 1430;
				LastUpgradeCheck = 1430;
				TargetAttributes = {
					9421DC112A9A42C600BD4954 = {
						CreatedOnToolsVersion = 14.3.1;
					};
				};
			};
			buildConfigurationList = 9421DC0D2A9A42C600BD4954 /* Build configuration list for PBXProject "newProject(first real project)" */;
			compatibilityVersion = "Xcode 14.0";
			developmentRegion = en;
			hasScannedForEncodings = 0;
			knownRegions = (
				en,
				Base,
			);
			mainGroup = 9421DC092A9A42C600BD4954;
			productRefGroup = 9421DC132A9A42C600BD4954 /* Products */;
			projectDirPath = "";
			projectRoot = "";
			targets = (
				9421DC112A9A42C600BD4954 /* newProject(first real project) */,
			);
		};
/* End PBXProject section */

/* Begin PBXResourcesBuildPhase section */
		9421DC102A9A42C600BD4954 /* Resources */ = {
			isa = PBXResourcesBuildPhase;
			buildActionMask = 2147483647;
			files = (
				9421DC252A9A42C700BD4954 /* LaunchScreen.storyboard in Resources */,
				9421DC222A9A42C700BD4954 /* Assets.xcassets in Resources */,
				94A137002AA39E200088319E /* TableViewCellUsersXib.xib in Resources */,
				94C8AFCF2AA767F40049167A /* CommentsCell.xib in Resources */,
				9421DC1D2A9A42C600BD4954 /* Main.storyboard in Resources */,
				94A137042AA52C940088319E /* TableViewCellPostsXib.xib in Resources */,
			);
			runOnlyForDeploymentPostprocessing = 0;
		};
/* End PBXResourcesBuildPhase section */

/* Begin PBXSourcesBuildPhase section */
		9421DC0E2A9A42C600BD4954 /* Sources */ = {
			isa = PBXSourcesBuildPhase;
			buildActionMask = 2147483647;
			files = (
				94C8AFCE2AA767F40049167A /* CommentsCell.swift in Sources */,
				9492EC1F2AAF96BF006E7C55 /* DataManager.swift in Sources */,
				9421DC162A9A42C600BD4954 /* AppDelegate.swift in Sources */,
				94A34ECF2A9E301700270DC9 /* AllUsersController.swift in Sources */,
				94A34ED52A9E666600270DC9 /* StorybordedProtocol.swift in Sources */,
				9492EC1D2AABB607006E7C55 /* PostEntity.swift in Sources */,
				94A34EBD2A9D208000270DC9 /* MainNavigator.swift in Sources */,
				94A137032AA52C940088319E /* TableViewCellPostsXib.swift in Sources */,
				94A136FF2AA39E200088319E /* TableViewCellUsersXib.swift in Sources */,
				94A34ED12A9E305800270DC9 /* AllPostsOfUserController.swift in Sources */,
				94A34EC92A9D3E1800270DC9 /* UsersNavigator.swift in Sources */,
				9492EC212AAF9705006E7C55 /* CoreDataManager.swift in Sources */,
				9421DC182A9A42C600BD4954 /* SceneDelegate.swift in Sources */,
				94A34EB12A9A654B00270DC9 /* UsersModel.swift in Sources */,
				94A34ED32A9E308800270DC9 /* AllCommentsOfPostsController.swift in Sources */,
				945565D32AA9294800D27191 /* UsersEntity.swift in Sources */,
				94A34EBA2A9A9F9800270DC9 /* NetworkManager.swift in Sources */,
				9421DC202A9A42C600BD4954 /* newProject_first_real_project_.xcdatamodeld in Sources */,
				94A34EB52A9A65A900270DC9 /* CommentsModel.swift in Sources */,
				94A34EB32A9A655A00270DC9 /* PostsModel.swift in Sources */,
			);
			runOnlyForDeploymentPostprocessing = 0;
		};
/* End PBXSourcesBuildPhase section */

/* Begin PBXVariantGroup section */
		9421DC1B2A9A42C600BD4954 /* Main.storyboard */ = {
			isa = PBXVariantGroup;
			children = (
				945565B72AA7A07200D27191 /* Base */,
			);
			name = Main.storyboard;
			sourceTree = "<group>";
		};
		9421DC232A9A42C700BD4954 /* LaunchScreen.storyboard */ = {
			isa = PBXVariantGroup;
			children = (
				945565B82AA7A07200D27191 /* Base */,
			);
			name = LaunchScreen.storyboard;
			sourceTree = "<group>";
		};
/* End PBXVariantGroup section */

/* Begin XCBuildConfiguration section */
		9421DC272A9A42C700BD4954 /* Debug */ = {
			isa = XCBuildConfiguration;
			buildSettings = {
				ALWAYS_SEARCH_USER_PATHS = NO;
				CLANG_ANALYZER_LOCALIZABILITY_NONLOCALIZED = YES;
				CLANG_ANALYZER_NONNULL = YES;
				CLANG_ANALYZER_NUMBER_OBJECT_CONVERSION = YES_AGGRESSIVE;
				CLANG_CXX_LANGUAGE_STANDARD = "gnu++20";
				CLANG_ENABLE_MODULES = YES;
				CLANG_ENABLE_OBJC_ARC = YES;
				CLANG_ENABLE_OBJC_WEAK = YES;
				CLANG_WARN_BLOCK_CAPTURE_AUTORELEASING = YES;
				CLANG_WARN_BOOL_CONVERSION = YES;
				CLANG_WARN_COMMA = YES;
				CLANG_WARN_CONSTANT_CONVERSION = YES;
				CLANG_WARN_DEPRECATED_OBJC_IMPLEMENTATIONS = YES;
				CLANG_WARN_DIRECT_OBJC_ISA_USAGE = YES_ERROR;
				CLANG_WARN_DOCUMENTATION_COMMENTS = YES;
				CLANG_WARN_EMPTY_BODY = YES;
				CLANG_WARN_ENUM_CONVERSION = YES;
				CLANG_WARN_INFINITE_RECURSION = YES;
				CLANG_WARN_INT_CONVERSION = YES;
				CLANG_WARN_NON_LITERAL_NULL_CONVERSION = YES;
				CLANG_WARN_OBJC_IMPLICIT_RETAIN_SELF = YES;
				CLANG_WARN_OBJC_LITERAL_CONVERSION = YES;
				CLANG_WARN_OBJC_ROOT_CLASS = YES_ERROR;
				CLANG_WARN_QUOTED_INCLUDE_IN_FRAMEWORK_HEADER = YES;
				CLANG_WARN_RANGE_LOOP_ANALYSIS = YES;
				CLANG_WARN_STRICT_PROTOTYPES = YES;
				CLANG_WARN_SUSPICIOUS_MOVE = YES;
				CLANG_WARN_UNGUARDED_AVAILABILITY = YES_AGGRESSIVE;
				CLANG_WARN_UNREACHABLE_CODE = YES;
				CLANG_WARN__DUPLICATE_METHOD_MATCH = YES;
				COPY_PHASE_STRIP = NO;
				DEBUG_INFORMATION_FORMAT = dwarf;
				ENABLE_STRICT_OBJC_MSGSEND = YES;
				ENABLE_TESTABILITY = YES;
				GCC_C_LANGUAGE_STANDARD = gnu11;
				GCC_DYNAMIC_NO_PIC = NO;
				GCC_NO_COMMON_BLOCKS = YES;
				GCC_OPTIMIZATION_LEVEL = 0;
				GCC_PREPROCESSOR_DEFINITIONS = (
					"DEBUG=1",
					"$(inherited)",
				);
				GCC_WARN_64_TO_32_BIT_CONVERSION = YES;
				GCC_WARN_ABOUT_RETURN_TYPE = YES_ERROR;
				GCC_WARN_UNDECLARED_SELECTOR = YES;
				GCC_WARN_UNINITIALIZED_AUTOS = YES_AGGRESSIVE;
				GCC_WARN_UNUSED_FUNCTION = YES;
				GCC_WARN_UNUSED_VARIABLE = YES;
				IPHONEOS_DEPLOYMENT_TARGET = 16.4;
				MTL_ENABLE_DEBUG_INFO = INCLUDE_SOURCE;
				MTL_FAST_MATH = YES;
				ONLY_ACTIVE_ARCH = YES;
				SDKROOT = iphoneos;
				SWIFT_ACTIVE_COMPILATION_CONDITIONS = DEBUG;
				SWIFT_OPTIMIZATION_LEVEL = "-Onone";
			};
			name = Debug;
		};
		9421DC282A9A42C700BD4954 /* Release */ = {
			isa = XCBuildConfiguration;
			buildSettings = {
				ALWAYS_SEARCH_USER_PATHS = NO;
				CLANG_ANALYZER_LOCALIZABILITY_NONLOCALIZED = YES;
				CLANG_ANALYZER_NONNULL = YES;
				CLANG_ANALYZER_NUMBER_OBJECT_CONVERSION = YES_AGGRESSIVE;
				CLANG_CXX_LANGUAGE_STANDARD = "gnu++20";
				CLANG_ENABLE_MODULES = YES;
				CLANG_ENABLE_OBJC_ARC = YES;
				CLANG_ENABLE_OBJC_WEAK = YES;
				CLANG_WARN_BLOCK_CAPTURE_AUTORELEASING = YES;
				CLANG_WARN_BOOL_CONVERSION = YES;
				CLANG_WARN_COMMA = YES;
				CLANG_WARN_CONSTANT_CONVERSION = YES;
				CLANG_WARN_DEPRECATED_OBJC_IMPLEMENTATIONS = YES;
				CLANG_WARN_DIRECT_OBJC_ISA_USAGE = YES_ERROR;
				CLANG_WARN_DOCUMENTATION_COMMENTS = YES;
				CLANG_WARN_EMPTY_BODY = YES;
				CLANG_WARN_ENUM_CONVERSION = YES;
				CLANG_WARN_INFINITE_RECURSION = YES;
				CLANG_WARN_INT_CONVERSION = YES;
				CLANG_WARN_NON_LITERAL_NULL_CONVERSION = YES;
				CLANG_WARN_OBJC_IMPLICIT_RETAIN_SELF = YES;
				CLANG_WARN_OBJC_LITERAL_CONVERSION = YES;
				CLANG_WARN_OBJC_ROOT_CLASS = YES_ERROR;
				CLANG_WARN_QUOTED_INCLUDE_IN_FRAMEWORK_HEADER = YES;
				CLANG_WARN_RANGE_LOOP_ANALYSIS = YES;
				CLANG_WARN_STRICT_PROTOTYPES = YES;
				CLANG_WARN_SUSPICIOUS_MOVE = YES;
				CLANG_WARN_UNGUARDED_AVAILABILITY = YES_AGGRESSIVE;
				CLANG_WARN_UNREACHABLE_CODE = YES;
				CLANG_WARN__DUPLICATE_METHOD_MATCH = YES;
				COPY_PHASE_STRIP = NO;
				DEBUG_INFORMATION_FORMAT = "dwarf-with-dsym";
				ENABLE_NS_ASSERTIONS = NO;
				ENABLE_STRICT_OBJC_MSGSEND = YES;
				GCC_C_LANGUAGE_STANDARD = gnu11;
				GCC_NO_COMMON_BLOCKS = YES;
				GCC_WARN_64_TO_32_BIT_CONVERSION = YES;
				GCC_WARN_ABOUT_RETURN_TYPE = YES_ERROR;
				GCC_WARN_UNDECLARED_SELECTOR = YES;
				GCC_WARN_UNINITIALIZED_AUTOS = YES_AGGRESSIVE;
				GCC_WARN_UNUSED_FUNCTION = YES;
				GCC_WARN_UNUSED_VARIABLE = YES;
				IPHONEOS_DEPLOYMENT_TARGET = 16.4;
				MTL_ENABLE_DEBUG_INFO = NO;
				MTL_FAST_MATH = YES;
				SDKROOT = iphoneos;
				SWIFT_COMPILATION_MODE = wholemodule;
				SWIFT_OPTIMIZATION_LEVEL = "-O";
				VALIDATE_PRODUCT = YES;
			};
			name = Release;
		};
		9421DC2A2A9A42C700BD4954 /* Debug */ = {
			isa = XCBuildConfiguration;
			buildSettings = {
				ASSETCATALOG_COMPILER_APPICON_NAME = AppIcon;
				ASSETCATALOG_COMPILER_GLOBAL_ACCENT_COLOR_NAME = AccentColor;
				CODE_SIGN_STYLE = Automatic;
				CURRENT_PROJECT_VERSION = 1;
				GENERATE_INFOPLIST_FILE = YES;
				INFOPLIST_FILE = "newProject(first real project)/Info.plist";
				INFOPLIST_KEY_UIApplicationSupportsIndirectInputEvents = YES;
				INFOPLIST_KEY_UILaunchStoryboardName = LaunchScreen;
				INFOPLIST_KEY_UIMainStoryboardFile = Main;
				INFOPLIST_KEY_UISupportedInterfaceOrientations_iPad = "UIInterfaceOrientationPortrait UIInterfaceOrientationPortraitUpsideDown UIInterfaceOrientationLandscapeLeft UIInterfaceOrientationLandscapeRight";
				INFOPLIST_KEY_UISupportedInterfaceOrientations_iPhone = "UIInterfaceOrientationPortrait UIInterfaceOrientationLandscapeLeft UIInterfaceOrientationLandscapeRight";
				LD_RUNPATH_SEARCH_PATHS = (
					"$(inherited)",
					"@executable_path/Frameworks",
				);
				MARKETING_VERSION = 1.0;
				PRODUCT_BUNDLE_IDENTIFIER = "Andrew.newProject-first-real-project-";
				PRODUCT_NAME = "$(TARGET_NAME)";
				SWIFT_EMIT_LOC_STRINGS = YES;
				SWIFT_VERSION = 5.0;
				TARGETED_DEVICE_FAMILY = "1,2";
			};
			name = Debug;
		};
		9421DC2B2A9A42C700BD4954 /* Release */ = {
			isa = XCBuildConfiguration;
			buildSettings = {
				ASSETCATALOG_COMPILER_APPICON_NAME = AppIcon;
				ASSETCATALOG_COMPILER_GLOBAL_ACCENT_COLOR_NAME = AccentColor;
				CODE_SIGN_STYLE = Automatic;
				CURRENT_PROJECT_VERSION = 1;
				GENERATE_INFOPLIST_FILE = YES;
				INFOPLIST_FILE = "newProject(first real project)/Info.plist";
				INFOPLIST_KEY_UIApplicationSupportsIndirectInputEvents = YES;
				INFOPLIST_KEY_UILaunchStoryboardName = LaunchScreen;
				INFOPLIST_KEY_UIMainStoryboardFile = Main;
				INFOPLIST_KEY_UISupportedInterfaceOrientations_iPad = "UIInterfaceOrientationPortrait UIInterfaceOrientationPortraitUpsideDown UIInterfaceOrientationLandscapeLeft UIInterfaceOrientationLandscapeRight";
				INFOPLIST_KEY_UISupportedInterfaceOrientations_iPhone = "UIInterfaceOrientationPortrait UIInterfaceOrientationLandscapeLeft UIInterfaceOrientationLandscapeRight";
				LD_RUNPATH_SEARCH_PATHS = (
					"$(inherited)",
					"@executable_path/Frameworks",
				);
				MARKETING_VERSION = 1.0;
				PRODUCT_BUNDLE_IDENTIFIER = "Andrew.newProject-first-real-project-";
				PRODUCT_NAME = "$(TARGET_NAME)";
				SWIFT_EMIT_LOC_STRINGS = YES;
				SWIFT_VERSION = 5.0;
				TARGETED_DEVICE_FAMILY = "1,2";
			};
			name = Release;
		};
/* End XCBuildConfiguration section */

/* Begin XCConfigurationList section */
		9421DC0D2A9A42C600BD4954 /* Build configuration list for PBXProject "newProject(first real project)" */ = {
			isa = XCConfigurationList;
			buildConfigurations = (
				9421DC272A9A42C700BD4954 /* Debug */,
				9421DC282A9A42C700BD4954 /* Release */,
			);
			defaultConfigurationIsVisible = 0;
			defaultConfigurationName = Release;
		};
		9421DC292A9A42C700BD4954 /* Build configuration list for PBXNativeTarget "newProject(first real project)" */ = {
			isa = XCConfigurationList;
			buildConfigurations = (
				9421DC2A2A9A42C700BD4954 /* Debug */,
				9421DC2B2A9A42C700BD4954 /* Release */,
			);
			defaultConfigurationIsVisible = 0;
			defaultConfigurationName = Release;
		};
/* End XCConfigurationList section */

/* Begin XCVersionGroup section */
		9421DC1E2A9A42C600BD4954 /* newProject_first_real_project_.xcdatamodeld */ = {
			isa = XCVersionGroup;
			children = (
				9421DC1F2A9A42C600BD4954 /* newProject_first_real_project_.xcdatamodel */,
			);
			currentVersion = 9421DC1F2A9A42C600BD4954 /* newProject_first_real_project_.xcdatamodel */;
			path = newProject_first_real_project_.xcdatamodeld;
			sourceTree = "<group>";
			versionGroupType = wrapper.xcdatamodel;
		};
/* End XCVersionGroup section */
	};
	rootObject = 9421DC0A2A9A42C600BD4954 /* Project object */;
}
